
Microsoft Visual Studio Solution File, Format Version 12.00
# Visual Studio Version 17
VisualStudioVersion = 17.5.33502.453
MinimumVisualStudioVersion = 10.0.40219.1
Project("{FAE04EC0-301F-11D3-BF4B-00C04F79EFBC}") = "GrpcGreeter", "GrpcGreeter\GrpcGreeter.csproj", "{3BCDAF56-F192-41E1-8426-817569665354}"
EndProject
Global
	GlobalSection(SolutionConfigurationPlatforms) = preSolution
		Debug|Any CPU = Debug|Any CPU
		Release|Any CPU = Release|Any CPU
	EndGlobalSection
	GlobalSection(ProjectConfigurationPlatforms) = postSolution
		{3BCDAF56-F192-41E1-8426-817569665354}.Debug|Any CPU.ActiveCfg = Debug|Any CPU
		{3BCDAF56-F192-41E1-8426-817569665354}.Debug|Any CPU.Build.0 = Debug|Any CPU
		{3BCDAF56-F192-41E1-8426-817569665354}.Release|Any CPU.ActiveCfg = Release|Any CPU
		{3BCDAF56-F192-41E1-8426-817569665354}.Release|Any CPU.Build.0 = Release|Any CPU
	EndGlobalSection
	GlobalSection(SolutionProperties) = preSolution
		HideSolutionNode = FALSE
	EndGlobalSection
	GlobalSection(ExtensibilityGlobals) = postSolution
		SolutionGuid = {DCECE66A-6912-4E60-AE50-0EC940DA4621}
	EndGlobalSection
EndGlobal
